{
  "nodes": {
    "asn": {
      "flake": false,
      "locked": {
        "narHash": "sha256-93jhCOYywryyJcAtAi9G06KqViiGhA1R1eUVMr9p0uA=",
        "type": "file",
        "url": "https://github.com/MetaCubeX/meta-rules-dat/releases/download/latest/GeoLite2-ASN.mmdb"
      },
      "original": {
        "type": "file",
        "url": "https://github.com/MetaCubeX/meta-rules-dat/releases/download/latest/GeoLite2-ASN.mmdb"
      }
    },
    "clash-party": {
      "flake": false,
      "locked": {
        "lastModified": 1783321592,
        "narHash": "sha256-ituoVv/q/aHt3KOt4fHRDGHGEwnF/nb2E73s/oYw74U=",
        "owner": "mihomo-party-org",
        "repo": "clash-party",
        "rev": "1caff4cabd83d0e2768ecadf52c85c5dcc0ed9de",
        "type": "github"
      },
      "original": {
        "owner": "mihomo-party-org",
        "ref": "v2.0.0",
        "repo": "clash-party",
        "type": "github"
      }
    },
    "country": {
      "flake": false,
      "locked": {
        "narHash": "sha256-jbNHij8EG9uPqq1zHVILhpL6itfTSxMgB2QxAvIIykw=",
        "type": "file",
        "url": "https://github.com/MetaCubeX/meta-rules-dat/releases/download/latest/country-lite.mmdb"
      },
      "original": {
        "type": "file",
        "url": "https://github.com/MetaCubeX/meta-rules-dat/releases/download/latest/country-lite.mmdb"
      }
    },
    "geoip": {
      "flake": false,
      "locked": {
        "narHash": "sha256-RbuV3q6zBLdHhiMd1xdfSC9+p4AqqPM03ira9SwELiY=",
        "type": "file",
        "url": "https://github.com/MetaCubeX/meta-rules-dat/releases/download/latest/geoip.dat"
      },
      "original": {
        "type": "file",
        "url": "https://github.com/MetaCubeX/meta-rules-dat/releases/download/latest/geoip.dat"
      }
    },
    "geosite": {
      "flake": false,
      "locked": {
        "narHash": "sha256-ByCEROjr81ZgFfkMw5kCAnEPdcVWH/7JboHBMQd4lFc=",
        "type": "file",
        "url": "https://github.com/MetaCubeX/meta-rules-dat/releases/download/latest/geosite.dat"
      },
      "original": {
        "type": "file",
        "url": "https://github.com/MetaCubeX/meta-rules-dat/releases/download/latest/geosite.dat"
      }
    },
    "metadb": {
      "flake": false,
      "locked": {
        "narHash": "sha256-bCYYH8mX0kPxPF0XLZjfGYP0R8N2yrDjId8zUoL98kg=",
        "type": "file",
        "url": "https://github.com/MetaCubeX/meta-rules-dat/releases/download/latest/geoip.metadb"
      },
      "original": {
        "type": "file",
        "url": "https://github.com/MetaCubeX/meta-rules-dat/releases/download/latest/geoip.metadb"
      }
    },
    "nixpkgs": {
      "locked": {
        "lastModified": 1785571196,
        "narHash": "sha256-KoTsyMQqnXQZq8deCEnu4QkyldkwH/bpMMhUcfMdGIw=",
        "owner": "NixOS",
        "repo": "nixpkgs",
        "rev": "148bab9c1c3c53136ecb44a6ea356a0ed5b39b06",
        "type": "github"
      },
      "original": {
        "owner": "NixOS",
        "ref": "nixos-unstable",
        "repo": "nixpkgs",
        "type": "github"
      }
    },
    "root": {
      "inputs": {
        "asn": "asn",
        "clash-party": "clash-party",
        "country": "country",
        "geoip": "geoip",
        "geosite": "geosite",
        "metadb": "metadb",
        "nixpkgs": "nixpkgs",
        "sysproxy": "sysproxy"
      }
    },
    "sysproxy": {
      "flake": false,
      "locked": {
        "lastModified": 1785520152,
        "narHash": "sha256-r9nIkg0x3p8iBpzGKUJ5EiZ9UdLZ3jYNV66/VBDK27E=",
        "owner": "mihomo-party-org",
        "repo": "sysproxy-rs-opti",
        "rev": "0e242650d7b4c568ab1b91cb319e0b44b2a445bd",
        "type": "github"
      },
      "original": {
        "owner": "mihomo-party-org",
        "ref": "main",
        "repo": "sysproxy-rs-opti",
        "type": "github"
      }
    }
  },
  "root": "root",
  "version": 7
}
