{
  "nodes": {
    "asn": {
      "flake": false,
      "locked": {
        "narHash": "sha256-bYBRUboYCyEixK/jdhPayyKdB0HQegLmiFXvzB7ZFDU=",
        "type": "file",
        "url": "https://github.com/MetaCubeX/meta-rules-dat/releases/download/latest/GeoLite2-ASN.mmdb"
      },
      "original": {
        "type": "file",
        "url": "https://github.com/MetaCubeX/meta-rules-dat/releases/download/latest/GeoLite2-ASN.mmdb"
      }
    },
    "clash-party": {
      "flake": false,
      "locked": {
        "lastModified": 1783321592,
        "narHash": "sha256-ituoVv/q/aHt3KOt4fHRDGHGEwnF/nb2E73s/oYw74U=",
        "owner": "mihomo-party-org",
        "repo": "clash-party",
        "rev": "1caff4cabd83d0e2768ecadf52c85c5dcc0ed9de",
        "type": "github"
      },
      "original": {
        "owner": "mihomo-party-org",
        "ref": "v2.0.0",
        "repo": "clash-party",
        "type": "github"
      }
    },
    "country": {
      "flake": false,
      "locked": {
        "narHash": "sha256-DpM+/Jsyy7R51/AQKDBVhuT8Fgr1crpz0uaX/0xV6bs=",
        "type": "file",
        "url": "https://github.com/MetaCubeX/meta-rules-dat/releases/download/latest/country-lite.mmdb"
      },
      "original": {
        "type": "file",
        "url": "https://github.com/MetaCubeX/meta-rules-dat/releases/download/latest/country-lite.mmdb"
      }
    },
    "geoip": {
      "flake": false,
      "locked": {
        "narHash": "sha256-A86jjHB1GmIqxlczeX5b81HNi7O9WXmsabSwMxomugQ=",
        "type": "file",
        "url": "https://github.com/MetaCubeX/meta-rules-dat/releases/download/latest/geoip.dat"
      },
      "original": {
        "type": "file",
        "url": "https://github.com/MetaCubeX/meta-rules-dat/releases/download/latest/geoip.dat"
      }
    },
    "geosite": {
      "flake": false,
      "locked": {
        "narHash": "sha256-kQjuYfZv7YaBqnbOG09Qsq3KnVIKv+LxStQA9X/Fvz8=",
        "type": "file",
        "url": "https://github.com/MetaCubeX/meta-rules-dat/releases/download/latest/geosite.dat"
      },
      "original": {
        "type": "file",
        "url": "https://github.com/MetaCubeX/meta-rules-dat/releases/download/latest/geosite.dat"
      }
    },
    "metadb": {
      "flake": false,
      "locked": {
        "narHash": "sha256-C40bKY8BbjunMhQo2636RVbZjl2CnG9jNJIMfdoFpEk=",
        "type": "file",
        "url": "https://github.com/MetaCubeX/meta-rules-dat/releases/download/latest/geoip.metadb"
      },
      "original": {
        "type": "file",
        "url": "https://github.com/MetaCubeX/meta-rules-dat/releases/download/latest/geoip.metadb"
      }
    },
    "nixpkgs": {
      "locked": {
        "lastModified": 1785090369,
        "narHash": "sha256-m0pDuRJG7EDo9ri+4Ksu83VsI+PlxNC9lNBfydejce4=",
        "owner": "NixOS",
        "repo": "nixpkgs",
        "rev": "624af665418d3c65d544145b4d34ad696439570e",
        "type": "github"
      },
      "original": {
        "owner": "NixOS",
        "ref": "nixos-unstable",
        "repo": "nixpkgs",
        "type": "github"
      }
    },
    "root": {
      "inputs": {
        "asn": "asn",
        "clash-party": "clash-party",
        "country": "country",
        "geoip": "geoip",
        "geosite": "geosite",
        "metadb": "metadb",
        "nixpkgs": "nixpkgs",
        "sysproxy": "sysproxy"
      }
    },
    "sysproxy": {
      "flake": false,
      "locked": {
        "lastModified": 1781896006,
        "narHash": "sha256-z/IlR6kQfzFkg42fmKKTUTFGgcMLobcNZHeHQFDN5kw=",
        "owner": "mihomo-party-org",
        "repo": "sysproxy-rs-opti",
        "rev": "d6fbb3dee696739e7d32ece15479a7770f687c9b",
        "type": "github"
      },
      "original": {
        "owner": "mihomo-party-org",
        "ref": "main",
        "repo": "sysproxy-rs-opti",
        "type": "github"
      }
    }
  },
  "root": "root",
  "version": 7
}
